# THIS IS AN AUTOGENERATED FILE. DO NOT EDIT THIS FILE DIRECTLY.
# yarn lockfile v1


"@midnight/wallet-api@^0.0.2":
  version "0.0.2"
  resolved "https://nexus.p42.at/repository/npm-midnight/@midnight/wallet-api/-/wallet-api-0.0.2.tgz#b308f44044978be3e2950a1c67894d00a8a51e0d"
  integrity sha512-pb/jKCeq3p1Fdzkpi4lqsfh4+kIVsWvZbxXl4xLZFxX9rHA/r7j9YeJQgX6tBp1lSt4JmQRJwPhz4bs7eMn80w==

typescript@^4.6.2:
  version "4.6.2"
  resolved "https://registry.yarnpkg.com/typescript/-/typescript-4.6.2.tgz#fe12d2727b708f4eef40f51598b3398baa9611d4"
  integrity sha512-HM/hFigTBHZhLXshn9sN37H085+hQGeJHJ/X7LpBWLID/fbc2acUMfU+lGD98X81sKP+pFa9f0DZmCwB9GnbAg==
