# This file is generated by running "yarn install" inside your project.
# Manual changes might be lost - proceed with caution!

__metadata:
  version: 8
  cacheKey: 10c0

"extensionless@npm:^1.9.9":
  version: 1.9.9
  resolution: "extensionless@npm:1.9.9"
  checksum: 10c0/ed5f6bc76496f0a49a95a5e3d00e613a500f96bc47e06b802b8f4c77ef42aa74f7c038ec92896886886e5cd75c69214d7dbcae6dda957abaec23d9d729f27b24
  languageName: node
  linkType: hard

"root-workspace-0b6124@workspace:.":
  version: 0.0.0-use.local
  resolution: "root-workspace-0b6124@workspace:."
  dependencies:
    extensionless: "npm:^1.9.9"
  languageName: unknown
  linkType: soft
