# THIS IS AN AUTOGENERATED FILE. DO NOT EDIT THIS FILE DIRECTLY.
# yarn lockfile v1


"@midnight/ledger@1.1.9":
  version "1.1.9"
  resolved "https://nexus.p42.at/repository/npm-midnight/@midnight/ledger/-/ledger-1.1.9.tgz#83ebc3d43a5d62f8f1ef3b707d8800274df8f01e"
  integrity sha512-bKdSER5NVkfxxWYsPtM2PYHG9lYNT/t63wEGAwqSe2/VuxbNfEBWLEwx80Z+Z4LE6xmgcJXrcoBOc2RQKg13VA==

typescript@^4.8.3:
  version "4.9.3"
  resolved "https://registry.yarnpkg.com/typescript/-/typescript-4.9.3.tgz#3aea307c1746b8c384435d8ac36b8a2e580d85db"
  integrity sha512-CIfGzTelbKNEnLpLdGFgdyKhG23CKdKgQPOBc+OUNrkJ2vr+KSzsSV5kq5iWhEQbok+quxgGzrAtGWCyU7tHnA==
