# THIS IS AN AUTOGENERATED FILE. DO NOT EDIT THIS FILE DIRECTLY.
# yarn lockfile v1


"@midnight/ledger@1.2.1":
  version "1.2.1"
  resolved "https://nexus.p42.at/repository/npm-midnight/@midnight/ledger/-/ledger-1.2.1.tgz#071fddfd454d88ccc6082a5aa82302a99ab6d256"
  integrity sha512-C1MgsdneihOQBJAHvgVhLpnAAlyvXT9NYu1y6BZFBVV7f2eXkeP5QLez2tbxLCc6pA5MY0s8Z8+JR+l4bgTNXg==

typescript@^4.8.3:
  version "4.9.3"
  resolved "https://registry.yarnpkg.com/typescript/-/typescript-4.9.3.tgz#3aea307c1746b8c384435d8ac36b8a2e580d85db"
  integrity sha512-CIfGzTelbKNEnLpLdGFgdyKhG23CKdKgQPOBc+OUNrkJ2vr+KSzsSV5kq5iWhEQbok+quxgGzrAtGWCyU7tHnA==
