# THIS IS AN AUTOGENERATED FILE. DO NOT EDIT THIS FILE DIRECTLY.
# yarn lockfile v1


"@midnight/ledger@1.1.7":
  version "1.1.7"
  resolved "https://nexus.p42.at/repository/npm-midnight/@midnight/ledger/-/ledger-1.1.7.tgz#5506dc8e4dcd1719890e95a03927ba53e0e86463"
  integrity sha512-LoZFPR48QCft9CH83UTzEmAIpGR3dadMWChKF3TN5cwYBaNUWtezboaTgoZKNrvFrh/Ywr/yAt25MMspkmnthw==

typescript@^4.8.3:
  version "4.9.3"
  resolved "https://registry.yarnpkg.com/typescript/-/typescript-4.9.3.tgz#3aea307c1746b8c384435d8ac36b8a2e580d85db"
  integrity sha512-CIfGzTelbKNEnLpLdGFgdyKhG23CKdKgQPOBc+OUNrkJ2vr+KSzsSV5kq5iWhEQbok+quxgGzrAtGWCyU7tHnA==
