# This file is generated by running "yarn install" inside your project.
# Manual changes might be lost - proceed with caution!

__metadata:
  version: 8
  cacheKey: 10c0

"@midnight-ntwrk/wallet-api@npm:^3.4.0":
  version: 3.4.0
  resolution: "@midnight-ntwrk/wallet-api@npm:3.4.0::__archiveUrl=https%3A%2F%2Fnpm.pkg.github.com%2Fdownload%2F%40midnight-ntwrk%2Fwallet-api%2F3.4.0%2Fef6a0111e18fcbeabf3666aa87321b437ac365a5"
  dependencies:
    "@midnight-ntwrk/zswap": "npm:^3.0.0"
  peerDependencies:
    rxjs: 7.x
  checksum: 10c0/e3584e653485181cd241dda98f42fc8e9a344adf2dba33542df11af82ecaca63538d06711b065dc998cfd8975ca159fc2f9bdf90057f4d55631107cd33338d8d
  languageName: node
  linkType: hard

"@midnight-ntwrk/wallet@workspace:.":
  version: 0.0.0-use.local
  resolution: "@midnight-ntwrk/wallet@workspace:."
  dependencies:
    "@midnight-ntwrk/wallet-api": "npm:^3.4.0"
    "@midnight-ntwrk/zswap": "npm:^3.0.0"
    fp-ts: "npm:^2.12.2"
    io-ts: "npm:^2.2.18"
    io-ts-types: "npm:^0.5.17"
    isomorphic-ws: "npm:^5.0.0"
    monocle-ts: "npm:^2.3.13"
    newtype-ts: "npm:^0.3.5"
    node-fetch: "npm:3.3.2"
    rxjs: "npm:^7.5"
    scale-ts: "npm:^1.1.0"
    typescript: "npm:^4.8.3"
    ws: "npm:^8.8.1"
  languageName: unknown
  linkType: soft

"@midnight-ntwrk/zswap@npm:^3.0.0":
  version: 3.0.0
  resolution: "@midnight-ntwrk/zswap@npm:3.0.0::__archiveUrl=https%3A%2F%2Fnpm.pkg.github.com%2Fdownload%2F%40midnight-ntwrk%2Fzswap%2F3.0.0%2F80188853c3b5326df63ee601a2dc2028361a8522"
  checksum: 10c0/fb7b490b32b01eed0042c71335e93a7979c60607c39d14f826455b20a25f3bcc825d53edf866defeeab0efcd7daad7ce1aa9f4ea0ac6302fba7d9609b75c14d8
  languageName: node
  linkType: hard

"data-uri-to-buffer@npm:^4.0.0":
  version: 4.0.1
  resolution: "data-uri-to-buffer@npm:4.0.1"
  checksum: 10c0/20a6b93107597530d71d4cb285acee17f66bcdfc03fd81040921a81252f19db27588d87fc8fc69e1950c55cfb0bf8ae40d0e5e21d907230813eb5d5a7f9eb45b
  languageName: node
  linkType: hard

"fetch-blob@npm:^3.1.2, fetch-blob@npm:^3.1.4":
  version: 3.2.0
  resolution: "fetch-blob@npm:3.2.0"
  dependencies:
    node-domexception: "npm:^1.0.0"
    web-streams-polyfill: "npm:^3.0.3"
  checksum: 10c0/60054bf47bfa10fb0ba6cb7742acec2f37c1f56344f79a70bb8b1c48d77675927c720ff3191fa546410a0442c998d27ab05e9144c32d530d8a52fbe68f843b69
  languageName: node
  linkType: hard

"formdata-polyfill@npm:^4.0.10":
  version: 4.0.10
  resolution: "formdata-polyfill@npm:4.0.10"
  dependencies:
    fetch-blob: "npm:^3.1.2"
  checksum: 10c0/5392ec484f9ce0d5e0d52fb5a78e7486637d516179b0eb84d81389d7eccf9ca2f663079da56f761355c0a65792810e3b345dc24db9a8bbbcf24ef3c8c88570c6
  languageName: node
  linkType: hard

"fp-ts@npm:^2.12.2":
  version: 2.16.1
  resolution: "fp-ts@npm:2.16.1"
  checksum: 10c0/16fcc7dc8a612ed8a2a339153bcc8745095eebf34ce7980507a9e3690b2c2aa2023c0caede48fd3d79068e271a6203d64416fa9db05613327f7c1a7546ba196d
  languageName: node
  linkType: hard

"io-ts-types@npm:^0.5.17":
  version: 0.5.19
  resolution: "io-ts-types@npm:0.5.19"
  peerDependencies:
    fp-ts: ^2.0.0
    io-ts: ^2.0.0
    monocle-ts: ^2.0.0
    newtype-ts: ^0.3.2
  checksum: 10c0/f7c451f6444660707f02de2dbf9c3c4bca4e9ed3b2f46e10f19ea5dcaa6acef9936d3b24025598d9f59e0647ea704263ba580506a2db3d64cc6d0c7b2b0fcf35
  languageName: node
  linkType: hard

"io-ts@npm:^2.2.18":
  version: 2.2.20
  resolution: "io-ts@npm:2.2.20"
  peerDependencies:
    fp-ts: ^2.5.0
  checksum: 10c0/c6ceaed3ca495208c91a0e20efb295ff86ef95c9e1291e3588ededf300da9eac94ce67096e5a80bcbac413617dbf68f77d7b41e977a4bebd5c7e53a57b6a848a
  languageName: node
  linkType: hard

"isomorphic-ws@npm:^5.0.0":
  version: 5.0.0
  resolution: "isomorphic-ws@npm:5.0.0"
  peerDependencies:
    ws: "*"
  checksum: 10c0/a058ac8b5e6efe9e46252cb0bc67fd325005d7216451d1a51238bc62d7da8486f828ef017df54ddf742e0fffcbe4b1bcc2a66cc115b027ed0180334cd18df252
  languageName: node
  linkType: hard

"monocle-ts@npm:^2.3.13":
  version: 2.3.13
  resolution: "monocle-ts@npm:2.3.13"
  peerDependencies:
    fp-ts: ^2.5.0
  checksum: 10c0/8f1673abb7def3225a33f962423ba592202afaac9fe6b18d0af6b84083d18c0e0939f59677bff5a1aa86ca3f6381220dc800b36823fd22fa69283f3cd3f7b4e2
  languageName: node
  linkType: hard

"newtype-ts@npm:^0.3.5":
  version: 0.3.5
  resolution: "newtype-ts@npm:0.3.5"
  peerDependencies:
    fp-ts: ^2.0.0
    monocle-ts: ^2.0.0
  checksum: 10c0/4bd164d33f4569f7245ed3e656796adb4bf15f11160ff755e3a5c0ef85dde13699ae80b94c38d0ff43d1f3625d698897afb6a74a7c65b90bd9786d3958423edf
  languageName: node
  linkType: hard

"node-domexception@npm:^1.0.0":
  version: 1.0.0
  resolution: "node-domexception@npm:1.0.0"
  checksum: 10c0/5e5d63cda29856402df9472335af4bb13875e1927ad3be861dc5ebde38917aecbf9ae337923777af52a48c426b70148815e890a5d72760f1b4d758cc671b1a2b
  languageName: node
  linkType: hard

"node-fetch@npm:3.3.2":
  version: 3.3.2
  resolution: "node-fetch@npm:3.3.2"
  dependencies:
    data-uri-to-buffer: "npm:^4.0.0"
    fetch-blob: "npm:^3.1.4"
    formdata-polyfill: "npm:^4.0.10"
  checksum: 10c0/f3d5e56190562221398c9f5750198b34cf6113aa304e34ee97c94fd300ec578b25b2c2906edba922050fce983338fde0d5d34fcb0fc3336ade5bd0e429ad7538
  languageName: node
  linkType: hard

"rxjs@npm:^7.5":
  version: 7.8.1
  resolution: "rxjs@npm:7.8.1"
  dependencies:
    tslib: "npm:^2.1.0"
  checksum: 10c0/3c49c1ecd66170b175c9cacf5cef67f8914dcbc7cd0162855538d365c83fea631167cacb644b3ce533b2ea0e9a4d0b12175186985f89d75abe73dbd8f7f06f68
  languageName: node
  linkType: hard

"scale-ts@npm:^1.1.0":
  version: 1.4.0
  resolution: "scale-ts@npm:1.4.0"
  checksum: 10c0/1634a9871feffa30de03d853411f48ead17d336509eacd567014505d89d51efdbb173a659c485dc7b5c4021185f051d1e6a90d2e0b0a5158a9a9d2cd1aa4b98f
  languageName: node
  linkType: hard

"tslib@npm:^2.1.0":
  version: 2.5.3
  resolution: "tslib@npm:2.5.3"
  checksum: 10c0/4cb1817d34fae5b27d146e6c4a468d4155097d95c1335d0bc9690f11f33e63844806bf4ed6d97c30c72b8d85261b66cbbe16d871d9c594ac05701ec83e62a607
  languageName: node
  linkType: hard

"typescript@npm:^4.8.3":
  version: 4.9.5
  resolution: "typescript@npm:4.9.5"
  bin:
    tsc: bin/tsc
    tsserver: bin/tsserver
  checksum: 10c0/5f6cad2e728a8a063521328e612d7876e12f0d8a8390d3b3aaa452a6a65e24e9ac8ea22beb72a924fd96ea0a49ea63bb4e251fb922b12eedfb7f7a26475e5c56
  languageName: node
  linkType: hard

"typescript@patch:typescript@npm%3A^4.8.3#optional!builtin<compat/typescript>":
  version: 4.9.5
  resolution: "typescript@patch:typescript@npm%3A4.9.5#optional!builtin<compat/typescript>::version=4.9.5&hash=289587"
  bin:
    tsc: bin/tsc
    tsserver: bin/tsserver
  checksum: 10c0/e3333f887c6829dfe0ab6c1dbe0dd1e3e2aeb56c66460cb85c5440c566f900c833d370ca34eb47558c0c69e78ced4bfe09b8f4f98b6de7afed9b84b8d1dd06a1
  languageName: node
  linkType: hard

"web-streams-polyfill@npm:^3.0.3":
  version: 3.2.1
  resolution: "web-streams-polyfill@npm:3.2.1"
  checksum: 10c0/70ed6b5708e14afa2ab699221ea197d7c68ec0c8274bbe0181aecc5ba636ca27cbd383d2049f0eb9d529e738f5c088825502b317f3df24d18a278e4cc9a10e8b
  languageName: node
  linkType: hard

"ws@npm:^8.8.1":
  version: 8.13.0
  resolution: "ws@npm:8.13.0"
  peerDependencies:
    bufferutil: ^4.0.1
    utf-8-validate: ">=5.0.2"
  peerDependenciesMeta:
    bufferutil:
      optional: true
    utf-8-validate:
      optional: true
  checksum: 10c0/579817dbbab3ee46669129c220cfd81ba6cdb9ab5c3e9a105702dd045743c4ab72e33bb384573827c0c481213417cc880e41bc097e0fc541a0b79fa3eb38207d
  languageName: node
  linkType: hard
