# @generated by scripts/schema-sync — DO NOT EDIT BY HAND.
# The lock for the indexer GraphQL schema: `tag` is bumped with `--tag`, `sha256` is computed.
# To change where the schema is fetched from, edit schema.config.yml (repo/path), not this file.
#   yarn schema:sync --filter=@midnightntwrk/wallet-sdk-indexer-client -- --tag <version>

tag: v4.4.0-rc.1
sha256: 6c3058d26bcfd8d77cba59e54af73595d8cf888ea0187d6dd72a42f75f62ea20
