# @generated by scripts/schema-sync — DO NOT EDIT BY HAND.
# The lock for the indexer GraphQL schema: `tag` is bumped with `--tag`, `sha256` is computed.
# To change where the schema is fetched from, edit schema.config.yml (repo/path), not this file.
#   yarn schema:sync --filter=@midnightntwrk/wallet-sdk-indexer-client -- --tag <version>

tag: v4.3.2
sha256: ee13e3f7d73c50934c2bff8771afb4f87a4a91e01567f6595b39af6c142f5bef
