# This file is generated by running "yarn install" inside your project.
# Manual changes might be lost - proceed with caution!

__metadata:
  version: 8
  cacheKey: 10c0

"@midnight/wallet-pubsub-indexer-client@workspace:.":
  version: 0.0.0-use.local
  resolution: "@midnight/wallet-pubsub-indexer-client@workspace:."
  dependencies:
    isomorphic-ws: "npm:^5.0.0"
    typescript: "npm:^4.8.3"
    ws: "npm:^8.8.1"
  languageName: unknown
  linkType: soft

"isomorphic-ws@npm:^5.0.0":
  version: 5.0.0
  resolution: "isomorphic-ws@npm:5.0.0"
  peerDependencies:
    ws: "*"
  checksum: 10c0/a058ac8b5e6efe9e46252cb0bc67fd325005d7216451d1a51238bc62d7da8486f828ef017df54ddf742e0fffcbe4b1bcc2a66cc115b027ed0180334cd18df252
  languageName: node
  linkType: hard

"typescript@npm:^4.8.3":
  version: 4.9.5
  resolution: "typescript@npm:4.9.5"
  bin:
    tsc: bin/tsc
    tsserver: bin/tsserver
  checksum: 10c0/5f6cad2e728a8a063521328e612d7876e12f0d8a8390d3b3aaa452a6a65e24e9ac8ea22beb72a924fd96ea0a49ea63bb4e251fb922b12eedfb7f7a26475e5c56
  languageName: node
  linkType: hard

"typescript@patch:typescript@npm%3A^4.8.3#optional!builtin<compat/typescript>":
  version: 4.9.5
  resolution: "typescript@patch:typescript@npm%3A4.9.5#optional!builtin<compat/typescript>::version=4.9.5&hash=289587"
  bin:
    tsc: bin/tsc
    tsserver: bin/tsserver
  checksum: 10c0/e3333f887c6829dfe0ab6c1dbe0dd1e3e2aeb56c66460cb85c5440c566f900c833d370ca34eb47558c0c69e78ced4bfe09b8f4f98b6de7afed9b84b8d1dd06a1
  languageName: node
  linkType: hard

"ws@npm:^8.8.1":
  version: 8.13.0
  resolution: "ws@npm:8.13.0"
  peerDependencies:
    bufferutil: ^4.0.1
    utf-8-validate: ">=5.0.2"
  peerDependenciesMeta:
    bufferutil:
      optional: true
    utf-8-validate:
      optional: true
  checksum: 10c0/579817dbbab3ee46669129c220cfd81ba6cdb9ab5c3e9a105702dd045743c4ab72e33bb384573827c0c481213417cc880e41bc097e0fc541a0b79fa3eb38207d
  languageName: node
  linkType: hard
