# THIS IS AN AUTOGENERATED FILE. DO NOT EDIT THIS FILE DIRECTLY.
# yarn lockfile v1


"@midnight/zswap@0.2.5":
  version "0.2.5"
  resolved "https://nexus.p42.at/repository/npm-midnight/@midnight/zswap/-/zswap-0.2.5.tgz#9ccb168016f5f6f8bcd2d2934f092afd6ef33862"
  integrity sha512-27umsyvGuCjoY/nbw627h6SzLpsDD3odzcf+1Z+URjSwIoq3BEAIv9ZolhU5vnXT0sSwvco7rvrT9peYBW/lUg==

typescript@^4.8.3:
  version "4.9.5"
  resolved "https://registry.yarnpkg.com/typescript/-/typescript-4.9.5.tgz#095979f9bcc0d09da324d58d03ce8f8374cbe65a"
  integrity sha512-1FXk9E2Hm+QzZQ7z+McJiHL4NW1F2EzMu9Nq9i3zAaGqibafqYwCVU6WyWAuyQRRzOlxou8xZSyXLEN8oKj24g==
