# THIS IS AN AUTOGENERATED FILE. DO NOT EDIT THIS FILE DIRECTLY.
# yarn lockfile v1


"@midnight-ntwrk/zswap@^0.3.9":
  version "0.3.9"
  resolved "https://npm.pkg.github.com/download/@midnight-ntwrk/zswap/0.3.9/886c019caba04f3e9764edf452b96a3f5430357b#886c019caba04f3e9764edf452b96a3f5430357b"
  integrity sha512-fHtZ3SHA3kiWMwU0o4QiSNP13h4oE7iei/YG8c+i+eZOe84/VSBAFsH5TY6WLqSF1RvCh2xnR/uYDEcwk2UrHQ==

typescript@^4.8.3:
  version "4.9.5"
  resolved "https://registry.yarnpkg.com/typescript/-/typescript-4.9.5.tgz#095979f9bcc0d09da324d58d03ce8f8374cbe65a"
  integrity sha512-1FXk9E2Hm+QzZQ7z+McJiHL4NW1F2EzMu9Nq9i3zAaGqibafqYwCVU6WyWAuyQRRzOlxou8xZSyXLEN8oKj24g==
